// !$*UTF8*$!
{
	archiveVersion = 1;
	classes = {
	};
	objectVersion = 46;
	objects = {

/* Begin PBXBuildFile section */
		93332DBB1D0206FB003D0925 /* ZakoolUtils.swift in Sources */ = {isa = PBXBuildFile; fileRef = 93332DBA1D0206FB003D0925 /* ZakoolUtils.swift */; };
		933D5D091CFF63AC005334F7 /* ShowDetailViewController.swift in Sources */ = {isa = PBXBuildFile; fileRef = 933D5D081CFF63AC005334F7 /* ShowDetailViewController.swift */; };
		934F06251D00FBFD00910AB7 /* DisclosureViewController.swift in Sources */ = {isa = PBXBuildFile; fileRef = 934F06241D00FBFD00910AB7 /* DisclosureViewController.swift */; };
		939DD79D1CF7A757008C78AD /* AppDelegate.swift in Sources */ = {isa = PBXBuildFile; fileRef = 939DD79C1CF7A757008C78AD /* AppDelegate.swift */; };
		939DD79F1CF7A757008C78AD /* MainViewController.swift in Sources */ = {isa = PBXBuildFile; fileRef = 939DD79E1CF7A757008C78AD /* MainViewController.swift */; };
		939DD7A21CF7A757008C78AD /* Main.storyboard in Resources */ = {isa = PBXBuildFile; fileRef = 939DD7A01CF7A757008C78AD /* Main.storyboard */; };
		939DD7A41CF7A757008C78AD /* Assets.xcassets in Resources */ = {isa = PBXBuildFile; fileRef = 939DD7A31CF7A757008C78AD /* Assets.xcassets */; };
		939DD7A71CF7A757008C78AD /* LaunchScreen.storyboard in Resources */ = {isa = PBXBuildFile; fileRef = 939DD7A51CF7A757008C78AD /* LaunchScreen.storyboard */; };
		93D1DAE11CFCDDEA0061FA08 /* SwiftyJSON.swift in Sources */ = {isa = PBXBuildFile; fileRef = 93D1DAE01CFCDDEA0061FA08 /* SwiftyJSON.swift */; };
		93D1DAE31CFCDE000061FA08 /* School.swift in Sources */ = {isa = PBXBuildFile; fileRef = 93D1DAE21CFCDE000061FA08 /* School.swift */; };
		93D1DAE51CFCDE260061FA08 /* RestApiFactory.swift in Sources */ = {isa = PBXBuildFile; fileRef = 93D1DAE41CFCDE260061FA08 /* RestApiFactory.swift */; };
/* End PBXBuildFile section */

/* Begin PBXFileReference section */
		93332DBA1D0206FB003D0925 /* ZakoolUtils.swift */ = {isa = PBXFileReference; fileEncoding = 4; lastKnownFileType = sourcecode.swift; path = ZakoolUtils.swift; sourceTree = "<group>"; };
		933D5D081CFF63AC005334F7 /* ShowDetailViewController.swift */ = {isa = PBXFileReference; fileEncoding = 4; lastKnownFileType = sourcecode.swift; path = ShowDetailViewController.swift; sourceTree = "<group>"; };
		934F06241D00FBFD00910AB7 /* DisclosureViewController.swift */ = {isa = PBXFileReference; fileEncoding = 4; lastKnownFileType = sourcecode.swift; path = DisclosureViewController.swift; sourceTree = "<group>"; };
		939DD7991CF7A757008C78AD /* zakool.app */ = {isa = PBXFileReference; explicitFileType = wrapper.application; includeInIndex = 0; path = zakool.app; sourceTree = BUILT_PRODUCTS_DIR; };
		939DD79C1CF7A757008C78AD /* AppDelegate.swift */ = {isa = PBXFileReference; lastKnownFileType = sourcecode.swift; path = AppDelegate.swift; sourceTree = "<group>"; };
		939DD79E1CF7A757008C78AD /* MainViewController.swift */ = {isa = PBXFileReference; lastKnownFileType = sourcecode.swift; path = MainViewController.swift; sourceTree = "<group>"; };
		939DD7A11CF7A757008C78AD /* Base */ = {isa = PBXFileReference; lastKnownFileType = file.storyboard; name = Base; path = Base.lproj/Main.storyboard; sourceTree = "<group>"; };
		939DD7A31CF7A757008C78AD /* Assets.xcassets */ = {isa = PBXFileReference; lastKnownFileType = folder.assetcatalog; path = Assets.xcassets; sourceTree = "<group>"; };
		939DD7A61CF7A757008C78AD /* Base */ = {isa = PBXFileReference; lastKnownFileType = file.storyboard; name = Base; path = Base.lproj/LaunchScreen.storyboard; sourceTree = "<group>"; };
		939DD7A81CF7A757008C78AD /* Info.plist */ = {isa = PBXFileReference; lastKnownFileType = text.plist.xml; path = Info.plist; sourceTree = "<group>"; };
		93D1DAE01CFCDDEA0061FA08 /* SwiftyJSON.swift */ = {isa = PBXFileReference; fileEncoding = 4; lastKnownFileType = sourcecode.swift; path = SwiftyJSON.swift; sourceTree = "<group>"; };
		93D1DAE21CFCDE000061FA08 /* School.swift */ = {isa = PBXFileReference; fileEncoding = 4; lastKnownFileType = sourcecode.swift; path = School.swift; sourceTree = "<group>"; };
		93D1DAE41CFCDE260061FA08 /* RestApiFactory.swift */ = {isa = PBXFileReference; fileEncoding = 4; lastKnownFileType = sourcecode.swift; path = RestApiFactory.swift; sourceTree = "<group>"; };
/* End PBXFileReference section */

/* Begin PBXFrameworksBuildPhase section */
		939DD7961CF7A757008C78AD /* Frameworks */ = {
			isa = PBXFrameworksBuildPhase;
			buildActionMask = 2147483647;
			files = (
			);
			runOnlyForDeploymentPostprocessing = 0;
		};
/* End PBXFrameworksBuildPhase section */

/* Begin PBXGroup section */
		939DD7901CF7A757008C78AD = {
			isa = PBXGroup;
			children = (
				939DD79B1CF7A757008C78AD /* zakool */,
				939DD79A1CF7A757008C78AD /* Products */,
			);
			sourceTree = "<group>";
		};
		939DD79A1CF7A757008C78AD /* Products */ = {
			isa = PBXGroup;
			children = (
				939DD7991CF7A757008C78AD /* zakool.app */,
			);
			name = Products;
			sourceTree = "<group>";
		};
		939DD79B1CF7A757008C78AD /* zakool */ = {
			isa = PBXGroup;
			children = (
				933D5D081CFF63AC005334F7 /* ShowDetailViewController.swift */,
				93D1DAE21CFCDE000061FA08 /* School.swift */,
				93D1DAE01CFCDDEA0061FA08 /* SwiftyJSON.swift */,
				939DD79C1CF7A757008C78AD /* AppDelegate.swift */,
				939DD79E1CF7A757008C78AD /* MainViewController.swift */,
				93D1DAE41CFCDE260061FA08 /* RestApiFactory.swift */,
				934F06241D00FBFD00910AB7 /* DisclosureViewController.swift */,
				939DD7A01CF7A757008C78AD /* Main.storyboard */,
				939DD7A31CF7A757008C78AD /* Assets.xcassets */,
				939DD7A51CF7A757008C78AD /* LaunchScreen.storyboard */,
				939DD7A81CF7A757008C78AD /* Info.plist */,
				93332DBA1D0206FB003D0925 /* ZakoolUtils.swift */,
			);
			path = zakool;
			sourceTree = "<group>";
		};
/* End PBXGroup section */

/* Begin PBXNativeTarget section */
		939DD7981CF7A757008C78AD /* zakool */ = {
			isa = PBXNativeTarget;
			buildConfigurationList = 939DD7AB1CF7A757008C78AD /* Build configuration list for PBXNativeTarget "zakool" */;
			buildPhases = (
				939DD7951CF7A757008C78AD /* Sources */,
				939DD7961CF7A757008C78AD /* Frameworks */,
				939DD7971CF7A757008C78AD /* Resources */,
			);
			buildRules = (
			);
			dependencies = (
			);
			name = zakool;
			productName = zakool;
			productReference = 939DD7991CF7A757008C78AD /* zakool.app */;
			productType = "com.apple.product-type.application";
		};
/* End PBXNativeTarget section */

/* Begin PBXProject section */
		939DD7911CF7A757008C78AD /* Project object */ = {
			isa = PBXProject;
			attributes = {
				LastSwiftUpdateCheck = 0730;
				LastUpgradeCheck = 0730;
				ORGANIZATIONNAME = "EKSPERTSOFT, LLC";
				TargetAttributes = {
					939DD7981CF7A757008C78AD = {
						CreatedOnToolsVersion = 7.3.1;
						DevelopmentTeam = D4QRLXLMJT;
					};
				};
			};
			buildConfigurationList = 939DD7941CF7A757008C78AD /* Build configuration list for PBXProject "zakool" */;
			compatibilityVersion = "Xcode 3.2";
			developmentRegion = English;
			hasScannedForEncodings = 0;
			knownRegions = (
				en,
				Base,
			);
			mainGroup = 939DD7901CF7A757008C78AD;
			productRefGroup = 939DD79A1CF7A757008C78AD /* Products */;
			projectDirPath = "";
			projectRoot = "";
			targets = (
				939DD7981CF7A757008C78AD /* zakool */,
			);
		};
/* End PBXProject section */

/* Begin PBXResourcesBuildPhase section */
		939DD7971CF7A757008C78AD /* Resources */ = {
			isa = PBXResourcesBuildPhase;
			buildActionMask = 2147483647;
			files = (
				939DD7A71CF7A757008C78AD /* LaunchScreen.storyboard in Resources */,
				939DD7A41CF7A757008C78AD /* Assets.xcassets in Resources */,
				939DD7A21CF7A757008C78AD /* Main.storyboard in Resources */,
			);
			runOnlyForDeploymentPostprocessing = 0;
		};
/* End PBXResourcesBuildPhase section */

/* Begin PBXSourcesBuildPhase section */
		939DD7951CF7A757008C78AD /* Sources */ = {
			isa = PBXSourcesBuildPhase;
			buildActionMask = 2147483647;
			files = (
				933D5D091CFF63AC005334F7 /* ShowDetailViewController.swift in Sources */,
				93D1DAE11CFCDDEA0061FA08 /* SwiftyJSON.swift in Sources */,
				939DD79F1CF7A757008C78AD /* MainViewController.swift in Sources */,
				939DD79D1CF7A757008C78AD /* AppDelegate.swift in Sources */,
				93332DBB1D0206FB003D0925 /* ZakoolUtils.swift in Sources */,
				934F06251D00FBFD00910AB7 /* DisclosureViewController.swift in Sources */,
				93D1DAE51CFCDE260061FA08 /* RestApiFactory.swift in Sources */,
				93D1DAE31CFCDE000061FA08 /* School.swift in Sources */,
			);
			runOnlyForDeploymentPostprocessing = 0;
		};
/* End PBXSourcesBuildPhase section */

/* Begin PBXVariantGroup section */
		939DD7A01CF7A757008C78AD /* Main.storyboard */ = {
			isa = PBXVariantGroup;
			children = (
				939DD7A11CF7A757008C78AD /* Base */,
			);
			name = Main.storyboard;
			sourceTree = "<group>";
		};
		939DD7A51CF7A757008C78AD /* LaunchScreen.storyboard */ = {
			isa = PBXVariantGroup;
			children = (
				939DD7A61CF7A757008C78AD /* Base */,
			);
			name = LaunchScreen.storyboard;
			sourceTree = "<group>";
		};
/* End PBXVariantGroup section */

/* Begin XCBuildConfiguration section */
		939DD7A91CF7A757008C78AD /* Debug */ = {
			isa = XCBuildConfiguration;
			buildSettings = {
				ALWAYS_SEARCH_USER_PATHS = NO;
				CLANG_ANALYZER_NONNULL = YES;
				CLANG_CXX_LANGUAGE_STANDARD = "gnu++0x";
				CLANG_CXX_LIBRARY = "libc++";
				CLANG_ENABLE_MODULES = YES;
				CLANG_ENABLE_OBJC_ARC = YES;
				CLANG_WARN_BOOL_CONVERSION = YES;
				CLANG_WARN_CONSTANT_CONVERSION = YES;
				CLANG_WARN_DIRECT_OBJC_ISA_USAGE = YES_ERROR;
				CLANG_WARN_EMPTY_BODY = YES;
				CLANG_WARN_ENUM_CONVERSION = YES;
				CLANG_WARN_INT_CONVERSION = YES;
				CLANG_WARN_OBJC_ROOT_CLASS = YES_ERROR;
				CLANG_WARN_UNREACHABLE_CODE = YES;
				CLANG_WARN__DUPLICATE_METHOD_MATCH = YES;
				"CODE_SIGN_IDENTITY[sdk=iphoneos*]" = "iPhone Developer";
				COPY_PHASE_STRIP = NO;
				DEBUG_INFORMATION_FORMAT = dwarf;
				ENABLE_STRICT_OBJC_MSGSEND = YES;
				ENABLE_TESTABILITY = YES;
				GCC_C_LANGUAGE_STANDARD = gnu99;
				GCC_DYNAMIC_NO_PIC = NO;
				GCC_NO_COMMON_BLOCKS = YES;
				GCC_OPTIMIZATION_LEVEL = 0;
				GCC_PREPROCESSOR_DEFINITIONS = (
					"DEBUG=1",
					"$(inherited)",
				);
				GCC_WARN_64_TO_32_BIT_CONVERSION = YES;
				GCC_WARN_ABOUT_RETURN_TYPE = YES_ERROR;
				GCC_WARN_UNDECLARED_SELECTOR = YES;
				GCC_WARN_UNINITIALIZED_AUTOS = YES_AGGRESSIVE;
				GCC_WARN_UNUSED_FUNCTION = YES;
				GCC_WARN_UNUSED_VARIABLE = YES;
				IPHONEOS_DEPLOYMENT_TARGET = 9.3;
				MTL_ENABLE_DEBUG_INFO = YES;
				ONLY_ACTIVE_ARCH = YES;
				SDKROOT = iphoneos;
				SWIFT_OPTIMIZATION_LEVEL = "-Onone";
				TARGETED_DEVICE_FAMILY = "1,2";
			};
			name = Debug;
		};
		939DD7AA1CF7A757008C78AD /* Release */ = {
			isa = XCBuildConfiguration;
			buildSettings = {
				ALWAYS_SEARCH_USER_PATHS = NO;
				CLANG_ANALYZER_NONNULL = YES;
				CLANG_CXX_LANGUAGE_STANDARD = "gnu++0x";
				CLANG_CXX_LIBRARY = "libc++";
				CLANG_ENABLE_MODULES = YES;
				CLANG_ENABLE_OBJC_ARC = YES;
				CLANG_WARN_BOOL_CONVERSION = YES;
				CLANG_WARN_CONSTANT_CONVERSION = YES;
				CLANG_WARN_DIRECT_OBJC_ISA_USAGE = YES_ERROR;
				CLANG_WARN_EMPTY_BODY = YES;
				CLANG_WARN_ENUM_CONVERSION = YES;
				CLANG_WARN_INT_CONVERSION = YES;
				CLANG_WARN_OBJC_ROOT_CLASS = YES_ERROR;
				CLANG_WARN_UNREACHABLE_CODE = YES;
				CLANG_WARN__DUPLICATE_METHOD_MATCH = YES;
				"CODE_SIGN_IDENTITY[sdk=iphoneos*]" = "iPhone Developer";
				COPY_PHASE_STRIP = NO;
				DEBUG_INFORMATION_FORMAT = "dwarf-with-dsym";
				ENABLE_NS_ASSERTIONS = NO;
				ENABLE_STRICT_OBJC_MSGSEND = YES;
				GCC_C_LANGUAGE_STANDARD = gnu99;
				GCC_NO_COMMON_BLOCKS = YES;
				GCC_WARN_64_TO_32_BIT_CONVERSION = YES;
				GCC_WARN_ABOUT_RETURN_TYPE = YES_ERROR;
				GCC_WARN_UNDECLARED_SELECTOR = YES;
				GCC_WARN_UNINITIALIZED_AUTOS = YES_AGGRESSIVE;
				GCC_WARN_UNUSED_FUNCTION = YES;
				GCC_WARN_UNUSED_VARIABLE = YES;
				IPHONEOS_DEPLOYMENT_TARGET = 9.3;
				MTL_ENABLE_DEBUG_INFO = NO;
				SDKROOT = iphoneos;
				TARGETED_DEVICE_FAMILY = "1,2";
				VALIDATE_PRODUCT = YES;
			};
			name = Release;
		};
		939DD7AC1CF7A757008C78AD /* Debug */ = {
			isa = XCBuildConfiguration;
			buildSettings = {
				ASSETCATALOG_COMPILER_APPICON_NAME = AppIcon;
				CODE_SIGN_IDENTITY = "iPhone Developer";
				"CODE_SIGN_IDENTITY[sdk=iphoneos*]" = "iPhone Developer";
				INFOPLIST_FILE = zakool/Info.plist;
				LD_RUNPATH_SEARCH_PATHS = "$(inherited) @executable_path/Frameworks";
				PRODUCT_BUNDLE_IDENTIFIER = org.ekspertsoft.llc.zakool;
				PRODUCT_NAME = "$(TARGET_NAME)";
				PROVISIONING_PROFILE = "";
			};
			name = Debug;
		};
		939DD7AD1CF7A757008C78AD /* Release */ = {
			isa = XCBuildConfiguration;
			buildSettings = {
				ASSETCATALOG_COMPILER_APPICON_NAME = AppIcon;
				CODE_SIGN_IDENTITY = "iPhone Developer";
				"CODE_SIGN_IDENTITY[sdk=iphoneos*]" = "iPhone Developer";
				INFOPLIST_FILE = zakool/Info.plist;
				LD_RUNPATH_SEARCH_PATHS = "$(inherited) @executable_path/Frameworks";
				PRODUCT_BUNDLE_IDENTIFIER = org.ekspertsoft.llc.zakool;
				PRODUCT_NAME = "$(TARGET_NAME)";
				PROVISIONING_PROFILE = "";
			};
			name = Release;
		};
/* End XCBuildConfiguration section */

/* Begin XCConfigurationList section */
		939DD7941CF7A757008C78AD /* Build configuration list for PBXProject "zakool" */ = {
			isa = XCConfigurationList;
			buildConfigurations = (
				939DD7A91CF7A757008C78AD /* Debug */,
				939DD7AA1CF7A757008C78AD /* Release */,
			);
			defaultConfigurationIsVisible = 0;
			defaultConfigurationName = Release;
		};
		939DD7AB1CF7A757008C78AD /* Build configuration list for PBXNativeTarget "zakool" */ = {
			isa = XCConfigurationList;
			buildConfigurations = (
				939DD7AC1CF7A757008C78AD /* Debug */,
				939DD7AD1CF7A757008C78AD /* Release */,
			);
			defaultConfigurationIsVisible = 0;
			defaultConfigurationName = Release;
		};
/* End XCConfigurationList section */
	};
	rootObject = 939DD7911CF7A757008C78AD /* Project object */;
}
